// !$*UTF8*$!
{
	archiveVersion = 1;
	classes = {
	};
	objectVersion = 50;
	objects = {

/* Begin PBXBuildFile section */
		A338085A2743A07D00B80656 /* AlbumSection.swift in Sources */ = {isa = PBXBuildFile; fileRef = A33808592743A07D00B80656 /* AlbumSection.swift */; };
		A37A1F2827426DC4008674E7 /* CollectionViewCell.swift in Sources */ = {isa = PBXBuildFile; fileRef = A37A1F2727426DC4008674E7 /* CollectionViewCell.swift */; };
		A3A5D19727423BB60028225F /* AppDelegate.swift in Sources */ = {isa = PBXBuildFile; fileRef = A3A5D19627423BB60028225F /* AppDelegate.swift */; };
		A3A5D19B27423BB60028225F /* AlbumViewController.swift in Sources */ = {isa = PBXBuildFile; fileRef = A3A5D19A27423BB60028225F /* AlbumViewController.swift */; };
		A3A5D19E27423BB60028225F /* Main.storyboard in Resources */ = {isa = PBXBuildFile; fileRef = A3A5D19C27423BB60028225F /* Main.storyboard */; };
		A3A5D1A027423BB70028225F /* Assets.xcassets in Resources */ = {isa = PBXBuildFile; fileRef = A3A5D19F27423BB70028225F /* Assets.xcassets */; };
		A3A5D1A327423BB70028225F /* LaunchScreen.storyboard in Resources */ = {isa = PBXBuildFile; fileRef = A3A5D1A127423BB70028225F /* LaunchScreen.storyboard */; };
		A3A5D1B3274242A80028225F /* SearchViewController.swift in Sources */ = {isa = PBXBuildFile; fileRef = A3A5D1B2274242A80028225F /* SearchViewController.swift */; };
		A3A5D1B5274242E60028225F /* OfferViewController.swift in Sources */ = {isa = PBXBuildFile; fileRef = A3A5D1B4274242E60028225F /* OfferViewController.swift */; };
		A3A5D1B82742431E0028225F /* MediaViewController.swift in Sources */ = {isa = PBXBuildFile; fileRef = A3A5D1B72742431E0028225F /* MediaViewController.swift */; };
/* End PBXBuildFile section */

/* Begin PBXFileReference section */
		A33808592743A07D00B80656 /* AlbumSection.swift */ = {isa = PBXFileReference; lastKnownFileType = sourcecode.swift; path = AlbumSection.swift; sourceTree = "<group>"; };
		A37A1F2727426DC4008674E7 /* CollectionViewCell.swift */ = {isa = PBXFileReference; lastKnownFileType = sourcecode.swift; path = CollectionViewCell.swift; sourceTree = "<group>"; };
		A3A5D19327423BB60028225F /* CollectionView.app */ = {isa = PBXFileReference; explicitFileType = wrapper.application; includeInIndex = 0; path = CollectionView.app; sourceTree = BUILT_PRODUCTS_DIR; };
		A3A5D19627423BB60028225F /* AppDelegate.swift */ = {isa = PBXFileReference; lastKnownFileType = sourcecode.swift; path = AppDelegate.swift; sourceTree = "<group>"; };
		A3A5D19A27423BB60028225F /* AlbumViewController.swift */ = {isa = PBXFileReference; lastKnownFileType = sourcecode.swift; path = AlbumViewController.swift; sourceTree = "<group>"; };
		A3A5D19D27423BB60028225F /* Base */ = {isa = PBXFileReference; lastKnownFileType = file.storyboard; name = Base; path = Base.lproj/Main.storyboard; sourceTree = "<group>"; };
		A3A5D19F27423BB70028225F /* Assets.xcassets */ = {isa = PBXFileReference; lastKnownFileType = folder.assetcatalog; path = Assets.xcassets; sourceTree = "<group>"; };
		A3A5D1A227423BB70028225F /* Base */ = {isa = PBXFileReference; lastKnownFileType = file.storyboard; name = Base; path = Base.lproj/LaunchScreen.storyboard; sourceTree = "<group>"; };
		A3A5D1A427423BB70028225F /* Info.plist */ = {isa = PBXFileReference; lastKnownFileType = text.plist.xml; path = Info.plist; sourceTree = "<group>"; };
		A3A5D1B2274242A80028225F /* SearchViewController.swift */ = {isa = PBXFileReference; lastKnownFileType = sourcecode.swift; path = SearchViewController.swift; sourceTree = "<group>"; };
		A3A5D1B4274242E60028225F /* OfferViewController.swift */ = {isa = PBXFileReference; lastKnownFileType = sourcecode.swift; path = OfferViewController.swift; sourceTree = "<group>"; };
		A3A5D1B72742431E0028225F /* MediaViewController.swift */ = {isa = PBXFileReference; lastKnownFileType = sourcecode.swift; path = MediaViewController.swift; sourceTree = "<group>"; };
/* End PBXFileReference section */

/* Begin PBXFrameworksBuildPhase section */
		A3A5D19027423BB60028225F /* Frameworks */ = {
			isa = PBXFrameworksBuildPhase;
			buildActionMask = 2147483647;
			files = (
			);
			runOnlyForDeploymentPostprocessing = 0;
		};
/* End PBXFrameworksBuildPhase section */

/* Begin PBXGroup section */
		A338085327439D3500B80656 /* Other */ = {
			isa = PBXGroup;
			children = (
				A3A5D1B4274242E60028225F /* OfferViewController.swift */,
				A3A5D1B2274242A80028225F /* SearchViewController.swift */,
				A3A5D1B72742431E0028225F /* MediaViewController.swift */,
			);
			path = Other;
			sourceTree = "<group>";
		};
		A37A1F2927426DCA008674E7 /* Main */ = {
			isa = PBXGroup;
			children = (
				A3A5D19A27423BB60028225F /* AlbumViewController.swift */,
				A33808592743A07D00B80656 /* AlbumSection.swift */,
				A37A1F2727426DC4008674E7 /* CollectionViewCell.swift */,
			);
			path = Main;
			sourceTree = "<group>";
		};
		A3A5D18A27423BB60028225F = {
			isa = PBXGroup;
			children = (
				A3A5D19527423BB60028225F /* CollectionView */,
				A3A5D19427423BB60028225F /* Products */,
			);
			sourceTree = "<group>";
		};
		A3A5D19427423BB60028225F /* Products */ = {
			isa = PBXGroup;
			children = (
				A3A5D19327423BB60028225F /* CollectionView.app */,
			);
			name = Products;
			sourceTree = "<group>";
		};
		A3A5D19527423BB60028225F /* CollectionView */ = {
			isa = PBXGroup;
			children = (
				A3A5D1AB27423CA90028225F /* Resources */,
				A3A5D1B127423D170028225F /* Sorces */,
			);
			path = CollectionView;
			sourceTree = "<group>";
		};
		A3A5D1AB27423CA90028225F /* Resources */ = {
			isa = PBXGroup;
			children = (
				A3A5D1AC27423CBC0028225F /* Configs */,
				A3A5D1AD27423CC60028225F /* Storyboards */,
				A3A5D19F27423BB70028225F /* Assets.xcassets */,
			);
			path = Resources;
			sourceTree = "<group>";
		};
		A3A5D1AC27423CBC0028225F /* Configs */ = {
			isa = PBXGroup;
			children = (
				A3A5D1A427423BB70028225F /* Info.plist */,
			);
			path = Configs;
			sourceTree = "<group>";
		};
		A3A5D1AD27423CC60028225F /* Storyboards */ = {
			isa = PBXGroup;
			children = (
				A3A5D19C27423BB60028225F /* Main.storyboard */,
				A3A5D1A127423BB70028225F /* LaunchScreen.storyboard */,
			);
			path = Storyboards;
			sourceTree = "<group>";
		};
		A3A5D1AE27423CEB0028225F /* Scenes */ = {
			isa = PBXGroup;
			children = (
				A37A1F2927426DCA008674E7 /* Main */,
				A338085327439D3500B80656 /* Other */,
			);
			path = Scenes;
			sourceTree = "<group>";
		};
		A3A5D1AF27423D000028225F /* App */ = {
			isa = PBXGroup;
			children = (
				A3A5D19627423BB60028225F /* AppDelegate.swift */,
			);
			path = App;
			sourceTree = "<group>";
		};
		A3A5D1B127423D170028225F /* Sorces */ = {
			isa = PBXGroup;
			children = (
				A3A5D1AF27423D000028225F /* App */,
				A3A5D1AE27423CEB0028225F /* Scenes */,
			);
			path = Sorces;
			sourceTree = "<group>";
		};
/* End PBXGroup section */

/* Begin PBXNativeTarget section */
		A3A5D19227423BB60028225F /* CollectionView */ = {
			isa = PBXNativeTarget;
			buildConfigurationList = A3A5D1A727423BB70028225F /* Build configuration list for PBXNativeTarget "CollectionView" */;
			buildPhases = (
				A3A5D18F27423BB60028225F /* Sources */,
				A3A5D19027423BB60028225F /* Frameworks */,
				A3A5D19127423BB60028225F /* Resources */,
			);
			buildRules = (
			);
			dependencies = (
			);
			name = CollectionView;
			productName = CollectionView;
			productReference = A3A5D19327423BB60028225F /* CollectionView.app */;
			productType = "com.apple.product-type.application";
		};
/* End PBXNativeTarget section */

/* Begin PBXProject section */
		A3A5D18B27423BB60028225F /* Project object */ = {
			isa = PBXProject;
			attributes = {
				LastSwiftUpdateCheck = 1250;
				LastUpgradeCheck = 1250;
				TargetAttributes = {
					A3A5D19227423BB60028225F = {
						CreatedOnToolsVersion = 12.5.1;
					};
				};
			};
			buildConfigurationList = A3A5D18E27423BB60028225F /* Build configuration list for PBXProject "CollectionView" */;
			compatibilityVersion = "Xcode 9.3";
			developmentRegion = en;
			hasScannedForEncodings = 0;
			knownRegions = (
				en,
				Base,
			);
			mainGroup = A3A5D18A27423BB60028225F;
			productRefGroup = A3A5D19427423BB60028225F /* Products */;
			projectDirPath = "";
			projectRoot = "";
			targets = (
				A3A5D19227423BB60028225F /* CollectionView */,
			);
		};
/* End PBXProject section */

/* Begin PBXResourcesBuildPhase section */
		A3A5D19127423BB60028225F /* Resources */ = {
			isa = PBXResourcesBuildPhase;
			buildActionMask = 2147483647;
			files = (
				A3A5D1A327423BB70028225F /* LaunchScreen.storyboard in Resources */,
				A3A5D1A027423BB70028225F /* Assets.xcassets in Resources */,
				A3A5D19E27423BB60028225F /* Main.storyboard in Resources */,
			);
			runOnlyForDeploymentPostprocessing = 0;
		};
/* End PBXResourcesBuildPhase section */

/* Begin PBXSourcesBuildPhase section */
		A3A5D18F27423BB60028225F /* Sources */ = {
			isa = PBXSourcesBuildPhase;
			buildActionMask = 2147483647;
			files = (
				A3A5D1B3274242A80028225F /* SearchViewController.swift in Sources */,
				A338085A2743A07D00B80656 /* AlbumSection.swift in Sources */,
				A3A5D1B82742431E0028225F /* MediaViewController.swift in Sources */,
				A37A1F2827426DC4008674E7 /* CollectionViewCell.swift in Sources */,
				A3A5D1B5274242E60028225F /* OfferViewController.swift in Sources */,
				A3A5D19B27423BB60028225F /* AlbumViewController.swift in Sources */,
				A3A5D19727423BB60028225F /* AppDelegate.swift in Sources */,
			);
			runOnlyForDeploymentPostprocessing = 0;
		};
/* End PBXSourcesBuildPhase section */

/* Begin PBXVariantGroup section */
		A3A5D19C27423BB60028225F /* Main.storyboard */ = {
			isa = PBXVariantGroup;
			children = (
				A3A5D19D27423BB60028225F /* Base */,
			);
			name = Main.storyboard;
			sourceTree = "<group>";
		};
		A3A5D1A127423BB70028225F /* LaunchScreen.storyboard */ = {
			isa = PBXVariantGroup;
			children = (
				A3A5D1A227423BB70028225F /* Base */,
			);
			name = LaunchScreen.storyboard;
			sourceTree = "<group>";
		};
/* End PBXVariantGroup section */

/* Begin XCBuildConfiguration section */
		A3A5D1A527423BB70028225F /* Debug */ = {
			isa = XCBuildConfiguration;
			buildSettings = {
				ALWAYS_SEARCH_USER_PATHS = NO;
				CLANG_ANALYZER_NONNULL = YES;
				CLANG_ANALYZER_NUMBER_OBJECT_CONVERSION = YES_AGGRESSIVE;
				CLANG_CXX_LANGUAGE_STANDARD = "gnu++14";
				CLANG_CXX_LIBRARY = "libc++";
				CLANG_ENABLE_MODULES = YES;
				CLANG_ENABLE_OBJC_ARC = YES;
				CLANG_ENABLE_OBJC_WEAK = YES;
				CLANG_WARN_BLOCK_CAPTURE_AUTORELEASING = YES;
				CLANG_WARN_BOOL_CONVERSION = YES;
				CLANG_WARN_COMMA = YES;
				CLANG_WARN_CONSTANT_CONVERSION = YES;
				CLANG_WARN_DEPRECATED_OBJC_IMPLEMENTATIONS = YES;
				CLANG_WARN_DIRECT_OBJC_ISA_USAGE = YES_ERROR;
				CLANG_WARN_DOCUMENTATION_COMMENTS = YES;
				CLANG_WARN_EMPTY_BODY = YES;
				CLANG_WARN_ENUM_CONVERSION = YES;
				CLANG_WARN_INFINITE_RECURSION = YES;
				CLANG_WARN_INT_CONVERSION = YES;
				CLANG_WARN_NON_LITERAL_NULL_CONVERSION = YES;
				CLANG_WARN_OBJC_IMPLICIT_RETAIN_SELF = YES;
				CLANG_WARN_OBJC_LITERAL_CONVERSION = YES;
				CLANG_WARN_OBJC_ROOT_CLASS = YES_ERROR;
				CLANG_WARN_QUOTED_INCLUDE_IN_FRAMEWORK_HEADER = YES;
				CLANG_WARN_RANGE_LOOP_ANALYSIS = YES;
				CLANG_WARN_STRICT_PROTOTYPES = YES;
				CLANG_WARN_SUSPICIOUS_MOVE = YES;
				CLANG_WARN_UNGUARDED_AVAILABILITY = YES_AGGRESSIVE;
				CLANG_WARN_UNREACHABLE_CODE = YES;
				CLANG_WARN__DUPLICATE_METHOD_MATCH = YES;
				COPY_PHASE_STRIP = NO;
				DEBUG_INFORMATION_FORMAT = dwarf;
				ENABLE_STRICT_OBJC_MSGSEND = YES;
				ENABLE_TESTABILITY = YES;
				GCC_C_LANGUAGE_STANDARD = gnu11;
				GCC_DYNAMIC_NO_PIC = NO;
				GCC_NO_COMMON_BLOCKS = YES;
				GCC_OPTIMIZATION_LEVEL = 0;
				GCC_PREPROCESSOR_DEFINITIONS = (
					"DEBUG=1",
					"$(inherited)",
				);
				GCC_WARN_64_TO_32_BIT_CONVERSION = YES;
				GCC_WARN_ABOUT_RETURN_TYPE = YES_ERROR;
				GCC_WARN_UNDECLARED_SELECTOR = YES;
				GCC_WARN_UNINITIALIZED_AUTOS = YES_AGGRESSIVE;
				GCC_WARN_UNUSED_FUNCTION = YES;
				GCC_WARN_UNUSED_VARIABLE = YES;
				IPHONEOS_DEPLOYMENT_TARGET = 14.5;
				MTL_ENABLE_DEBUG_INFO = INCLUDE_SOURCE;
				MTL_FAST_MATH = YES;
				ONLY_ACTIVE_ARCH = YES;
				SDKROOT = iphoneos;
				SWIFT_ACTIVE_COMPILATION_CONDITIONS = DEBUG;
				SWIFT_OPTIMIZATION_LEVEL = "-Onone";
			};
			name = Debug;
		};
		A3A5D1A627423BB70028225F /* Release */ = {
			isa = XCBuildConfiguration;
			buildSettings = {
				ALWAYS_SEARCH_USER_PATHS = NO;
				CLANG_ANALYZER_NONNULL = YES;
				CLANG_ANALYZER_NUMBER_OBJECT_CONVERSION = YES_AGGRESSIVE;
				CLANG_CXX_LANGUAGE_STANDARD = "gnu++14";
				CLANG_CXX_LIBRARY = "libc++";
				CLANG_ENABLE_MODULES = YES;
				CLANG_ENABLE_OBJC_ARC = YES;
				CLANG_ENABLE_OBJC_WEAK = YES;
				CLANG_WARN_BLOCK_CAPTURE_AUTORELEASING = YES;
				CLANG_WARN_BOOL_CONVERSION = YES;
				CLANG_WARN_COMMA = YES;
				CLANG_WARN_CONSTANT_CONVERSION = YES;
				CLANG_WARN_DEPRECATED_OBJC_IMPLEMENTATIONS = YES;
				CLANG_WARN_DIRECT_OBJC_ISA_USAGE = YES_ERROR;
				CLANG_WARN_DOCUMENTATION_COMMENTS = YES;
				CLANG_WARN_EMPTY_BODY = YES;
				CLANG_WARN_ENUM_CONVERSION = YES;
				CLANG_WARN_INFINITE_RECURSION = YES;
				CLANG_WARN_INT_CONVERSION = YES;
				CLANG_WARN_NON_LITERAL_NULL_CONVERSION = YES;
				CLANG_WARN_OBJC_IMPLICIT_RETAIN_SELF = YES;
				CLANG_WARN_OBJC_LITERAL_CONVERSION = YES;
				CLANG_WARN_OBJC_ROOT_CLASS = YES_ERROR;
				CLANG_WARN_QUOTED_INCLUDE_IN_FRAMEWORK_HEADER = YES;
				CLANG_WARN_RANGE_LOOP_ANALYSIS = YES;
				CLANG_WARN_STRICT_PROTOTYPES = YES;
				CLANG_WARN_SUSPICIOUS_MOVE = YES;
				CLANG_WARN_UNGUARDED_AVAILABILITY = YES_AGGRESSIVE;
				CLANG_WARN_UNREACHABLE_CODE = YES;
				CLANG_WARN__DUPLICATE_METHOD_MATCH = YES;
				COPY_PHASE_STRIP = NO;
				DEBUG_INFORMATION_FORMAT = "dwarf-with-dsym";
				ENABLE_NS_ASSERTIONS = NO;
				ENABLE_STRICT_OBJC_MSGSEND = YES;
				GCC_C_LANGUAGE_STANDARD = gnu11;
				GCC_NO_COMMON_BLOCKS = YES;
				GCC_WARN_64_TO_32_BIT_CONVERSION = YES;
				GCC_WARN_ABOUT_RETURN_TYPE = YES_ERROR;
				GCC_WARN_UNDECLARED_SELECTOR = YES;
				GCC_WARN_UNINITIALIZED_AUTOS = YES_AGGRESSIVE;
				GCC_WARN_UNUSED_FUNCTION = YES;
				GCC_WARN_UNUSED_VARIABLE = YES;
				IPHONEOS_DEPLOYMENT_TARGET = 14.5;
				MTL_ENABLE_DEBUG_INFO = NO;
				MTL_FAST_MATH = YES;
				SDKROOT = iphoneos;
				SWIFT_COMPILATION_MODE = wholemodule;
				SWIFT_OPTIMIZATION_LEVEL = "-O";
				VALIDATE_PRODUCT = YES;
			};
			name = Release;
		};
		A3A5D1A827423BB70028225F /* Debug */ = {
			isa = XCBuildConfiguration;
			buildSettings = {
				ASSETCATALOG_COMPILER_APPICON_NAME = AppIcon;
				ASSETCATALOG_COMPILER_GLOBAL_ACCENT_COLOR_NAME = AccentColor;
				CODE_SIGN_STYLE = Automatic;
				DEVELOPMENT_TEAM = 6V2P35AZ95;
				INFOPLIST_FILE = CollectionView/Resources/Configs/Info.plist;
				LD_RUNPATH_SEARCH_PATHS = (
					"$(inherited)",
					"@executable_path/Frameworks",
				);
				PRODUCT_BUNDLE_IDENTIFIER = com.my.CollectionView;
				PRODUCT_NAME = "$(TARGET_NAME)";
				SWIFT_VERSION = 5.0;
				TARGETED_DEVICE_FAMILY = "1,2";
			};
			name = Debug;
		};
		A3A5D1A927423BB70028225F /* Release */ = {
			isa = XCBuildConfiguration;
			buildSettings = {
				ASSETCATALOG_COMPILER_APPICON_NAME = AppIcon;
				ASSETCATALOG_COMPILER_GLOBAL_ACCENT_COLOR_NAME = AccentColor;
				CODE_SIGN_STYLE = Automatic;
				DEVELOPMENT_TEAM = 6V2P35AZ95;
				INFOPLIST_FILE = CollectionView/Resources/Configs/Info.plist;
				LD_RUNPATH_SEARCH_PATHS = (
					"$(inherited)",
					"@executable_path/Frameworks",
				);
				PRODUCT_BUNDLE_IDENTIFIER = com.my.CollectionView;
				PRODUCT_NAME = "$(TARGET_NAME)";
				SWIFT_VERSION = 5.0;
				TARGETED_DEVICE_FAMILY = "1,2";
			};
			name = Release;
		};
/* End XCBuildConfiguration section */

/* Begin XCConfigurationList section */
		A3A5D18E27423BB60028225F /* Build configuration list for PBXProject "CollectionView" */ = {
			isa = XCConfigurationList;
			buildConfigurations = (
				A3A5D1A527423BB70028225F /* Debug */,
				A3A5D1A627423BB70028225F /* Release */,
			);
			defaultConfigurationIsVisible = 0;
			defaultConfigurationName = Release;
		};
		A3A5D1A727423BB70028225F /* Build configuration list for PBXNativeTarget "CollectionView" */ = {
			isa = XCConfigurationList;
			buildConfigurations = (
				A3A5D1A827423BB70028225F /* Debug */,
				A3A5D1A927423BB70028225F /* Release */,
			);
			defaultConfigurationIsVisible = 0;
			defaultConfigurationName = Release;
		};
/* End XCConfigurationList section */
	};
	rootObject = A3A5D18B27423BB60028225F /* Project object */;
}
